%{"ibrowse": {:git, "git://github.com/cmullaparthi/ibrowse.git", "d2e369ff42666c3574b8b7ec26f69027895c4d94", [tag: "v4.1.1"]},
  "idna": {:hex, :idna, "1.0.2"},
  "erlware_commons": {:hex, :erlware_commons, "0.13.0"},
  "bbmustache": {:hex, :bbmustache, "1.0.1"},
  "httpoison": {:hex, :httpoison, "0.7.0"},
  "instagrab": {:git, "git://github.com/arthurcolle/instagrab.git", "781c75d84781dfe8905ab242237753c60604c5a0", []},
  "getopt": {:hex, :getopt, "0.8.2"},
  "passport": {:git, "git://github.com/trophus/passport.git", "6183c2dc2d5520b068e39cca7a32e4a2ba4232fa", []},
  "fs": {:hex, :fs, "0.9.2"},
  "ecto": {:hex, :ecto, "0.12.0"},
  "jsx": {:git, "https://github.com/talentdeficit/jsx.git", "46f246dc3ab45fa3229993855a0d720dd2254d4c", [tag: "master"]},
  "exrm": {:hex, :exrm, "0.17.1"},
  "cowlib": {:hex, :cowlib, "1.0.1"},
  "mogrify": {:hex, :mogrify, "0.1.0"},
  "poolboy": {:hex, :poolboy, "1.5.1"},
  "oauth2": {:hex, :oauth2, "0.1.1"},
  "providers": {:hex, :providers, "1.4.1"},
  "httpotion": {:hex, :httpotion, "2.1.0"},
  "erlastic_search": {:git, "git://github.com/arthurcolle/erlastic_search.git", "f32fad783231b4a62e6c32f837d0dcf41abc31f8", []},
  "conform": {:hex, :conform, "0.14.4"},
  "ssl_verify_hostname": {:hex, :ssl_verify_hostname, "1.0.5"},
  "phoenix": {:hex, :phoenix, "0.13.1"},
  "phoenix_html": {:hex, :phoenix_html, "1.2.1"},
  "relx": {:hex, :relx, "2.1.1"},
  "instagram": {:git, "git://github.com/arthurcolle/exstagram.git", "6c1210c4e01d3c77d543bce1e19e063ac6f09110", []},
  "postgrex": {:hex, :postgrex, "0.8.4"},
  "hackney": {:hex, :hackney, "1.1.0"},
  "cowboy": {:hex, :cowboy, "1.0.0"},
  "poison": {:hex, :poison, "1.4.0"},
  "ranch": {:hex, :ranch, "1.0.0"},
  "phoenix_ecto": {:hex, :phoenix_ecto, "0.5.0"},
  "decimal": {:hex, :decimal, "1.1.0"},
  "phoenix_live_reload": {:hex, :phoenix_live_reload, "0.4.1"},
  "nestedmap": {:git, "git://github.com/arthurcolle/nestedmap.git", "23f27adc44af8ecae7659513422baaba15a96503", []},
  "erlport": {:git, "https://github.com/hdima/erlport.git", "4041c0810f798cba9fa528ebca90556f0ae50645", []},
  "compare": {:git, "git://github.com/trophus/compare.git", "44f5b41c8e5ce3287b9aa272550126efce52c30d", []},
  "comeonin": {:hex, :comeonin, "0.11.3"},
  "geo": {:hex, :geo, "0.13.0"},
  "plug": {:hex, :plug, "0.13.0"}}
