%{"cowlib": {:hex, :cowlib, "1.0.1"},
  "relx": {:hex, :relx, "2.1.1"},
  "ssl_verify_hostname": {:hex, :ssl_verify_hostname, "1.0.5"},
  "oauth2": {:hex, :oauth2, "0.3.0"},
  "ibrowse": {:git, "git://github.com/cmullaparthi/ibrowse.git", "ea3305d21f37eced4fac290f64b068e56df7de80", []},
  "poison": {:hex, :poison, "1.4.0"},
  "getopt": {:hex, :getopt, "0.8.2"},
  "hackney": {:hex, :hackney, "1.2.0"},
  "idna": {:hex, :idna, "1.0.2"},
  "fs": {:hex, :fs, "0.9.2"},
  "cowboy": {:hex, :cowboy, "1.0.2"},
  "libex_config": {:hex, :libex_config, "0.2.0"},
  "postgrex": {:hex, :postgrex, "0.9.1"},
  "instagrab": {:git, "git://github.com/arthurcolle/instagrab.git", "781c75d84781dfe8905ab242237753c60604c5a0", []},
  "decimal": {:hex, :decimal, "1.1.0"},
  "providers": {:hex, :providers, "1.4.1"},
  "exrm": {:hex, :exrm, "0.17.1"},
  "httpotion": {:hex, :httpotion, "2.1.0"},
  "plug": {:hex, :plug, "1.0.0"},
  "bbmustache": {:hex, :bbmustache, "1.0.1"},
  "phoenix": {:hex, :phoenix, "1.0.0"},
  "facebook": {:hex, :facebook, "0.4.0"},
  "conform": {:hex, :conform, "0.14.5"},
  "erlastic_search": {:git, "git://github.com/tsloughter/erlastic_search.git", "19eec4c79e7a202150217e1f50f8e2e302a1b709", []},
  "poolboy": {:hex, :poolboy, "1.5.1"},
  "ecto": {:hex, :ecto, "1.0.0"},
  "phoenix_live_reload": {:hex, :phoenix_live_reload, "1.0.0"},
  "jsx": {:hex, :jsx, "2.6.2"},
  "erlware_commons": {:hex, :erlware_commons, "0.13.0"},
  "phoenix_html": {:hex, :phoenix_html, "2.1.1"},
  "instagram": {:git, "git://github.com/arthurcolle/exstagram.git", "13891688187560c819054a316c9b0d1fe016170f", []},
  "phoenix_ecto": {:hex, :phoenix_ecto, "1.1.0"},
  "ranch": {:hex, :ranch, "1.1.0"},
  "passport": {:git, "git://github.com/trophus/passport.git", "918fdb3d48e165b3bc540108bb3931f49f94a803", []},
  "comeonin": {:hex, :comeonin, "1.1.0"},
  "compare": {:git, "git://github.com/trophus/compare.git", "44f5b41c8e5ce3287b9aa272550126efce52c30d", []},
  "httpoison": {:hex, :httpoison, "0.7.2"},
  "json": {:hex, :json, "0.3.2"}}
